// !$*UTF8*$!
{
	archiveVersion = 1;
	classes = {
	};
	objectVersion = 46;
	objects = {

/* Begin PBXBuildFile section */
		6B8372011D54D8B50061179A /* main.m in Sources */ = {isa = PBXBuildFile; fileRef = 6B8372001D54D8B50061179A /* main.m */; };
		6B8372041D54D8B50061179A /* AppDelegate.m in Sources */ = {isa = PBXBuildFile; fileRef = 6B8372031D54D8B50061179A /* AppDelegate.m */; };
		6B8372071D54D8B50061179A /* ViewController.m in Sources */ = {isa = PBXBuildFile; fileRef = 6B8372061D54D8B50061179A /* ViewController.m */; };
		6B83720A1D54D8B50061179A /* Main.storyboard in Resources */ = {isa = PBXBuildFile; fileRef = 6B8372081D54D8B50061179A /* Main.storyboard */; };
		6B83720C1D54D8B50061179A /* Assets.xcassets in Resources */ = {isa = PBXBuildFile; fileRef = 6B83720B1D54D8B50061179A /* Assets.xcassets */; };
		6B83720F1D54D8B50061179A /* LaunchScreen.storyboard in Resources */ = {isa = PBXBuildFile; fileRef = 6B83720D1D54D8B50061179A /* LaunchScreen.storyboard */; };
/* End PBXBuildFile section */

/* Begin PBXFileReference section */
		6B8371FC1D54D8B50061179A /* RMCatYears.app */ = {isa = PBXFileReference; explicitFileType = wrapper.application; includeInIndex = 0; path = RMCatYears.app; sourceTree = BUILT_PRODUCTS_DIR; };
		6B8372001D54D8B50061179A /* main.m */ = {isa = PBXFileReference; lastKnownFileType = sourcecode.c.objc; path = main.m; sourceTree = "<group>"; };
		6B8372021D54D8B50061179A /* AppDelegate.h */ = {isa = PBXFileReference; lastKnownFileType = sourcecode.c.h; path = AppDelegate.h; sourceTree = "<group>"; };
		6B8372031D54D8B50061179A /* AppDelegate.m */ = {isa = PBXFileReference; lastKnownFileType = sourcecode.c.objc; path = AppDelegate.m; sourceTree = "<group>"; };
		6B8372051D54D8B50061179A /* ViewController.h */ = {isa = PBXFileReference; lastKnownFileType = sourcecode.c.h; path = ViewController.h; sourceTree = "<group>"; };
		6B8372061D54D8B50061179A /* ViewController.m */ = {isa = PBXFileReference; lastKnownFileType = sourcecode.c.objc; path = ViewController.m; sourceTree = "<group>"; };
		6B8372091D54D8B50061179A /* Base */ = {isa = PBXFileReference; lastKnownFileType = file.storyboard; name = Base; path = Base.lproj/Main.storyboard; sourceTree = "<group>"; };
		6B83720B1D54D8B50061179A /* Assets.xcassets */ = {isa = PBXFileReference; lastKnownFileType = folder.assetcatalog; path = Assets.xcassets; sourceTree = "<group>"; };
		6B83720E1D54D8B50061179A /* Base */ = {isa = PBXFileReference; lastKnownFileType = file.storyboard; name = Base; path = Base.lproj/LaunchScreen.storyboard; sourceTree = "<group>"; };
		6B8372101D54D8B50061179A /* Info.plist */ = {isa = PBXFileReference; lastKnownFileType = text.plist.xml; path = Info.plist; sourceTree = "<group>"; };
/* End PBXFileReference section */

/* Begin PBXFrameworksBuildPhase section */
		6B8371F91D54D8B50061179A /* Frameworks */ = {
			isa = PBXFrameworksBuildPhase;
			buildActionMask = 2147483647;
			files = (
			);
			runOnlyForDeploymentPostprocessing = 0;
		};
/* End PBXFrameworksBuildPhase section */

/* Begin PBXGroup section */
		6B8371F31D54D8B50061179A = {
			isa = PBXGroup;
			children = (
				6B8371FE1D54D8B50061179A /* RMCatYears */,
				6B8371FD1D54D8B50061179A /* Products */,
			);
			sourceTree = "<group>";
		};
		6B8371FD1D54D8B50061179A /* Products */ = {
			isa = PBXGroup;
			children = (
				6B8371FC1D54D8B50061179A /* RMCatYears.app */,
			);
			name = Products;
			sourceTree = "<group>";
		};
		6B8371FE1D54D8B50061179A /* RMCatYears */ = {
			isa = PBXGroup;
			children = (
				6B8372021D54D8B50061179A /* AppDelegate.h */,
				6B8372031D54D8B50061179A /* AppDelegate.m */,
				6B8372051D54D8B50061179A /* ViewController.h */,
				6B8372061D54D8B50061179A /* ViewController.m */,
				6B8372081D54D8B50061179A /* Main.storyboard */,
				6B83720B1D54D8B50061179A /* Assets.xcassets */,
				6B83720D1D54D8B50061179A /* LaunchScreen.storyboard */,
				6B8372101D54D8B50061179A /* Info.plist */,
				6B8371FF1D54D8B50061179A /* Supporting Files */,
			);
			path = RMCatYears;
			sourceTree = "<group>";
		};
		6B8371FF1D54D8B50061179A /* Supporting Files */ = {
			isa = PBXGroup;
			children = (
				6B8372001D54D8B50061179A /* main.m */,
			);
			name = "Supporting Files";
			sourceTree = "<group>";
		};
/* End PBXGroup section */

/* Begin PBXNativeTarget section */
		6B8371FB1D54D8B50061179A /* RMCatYears */ = {
			isa = PBXNativeTarget;
			buildConfigurationList = 6B8372131D54D8B50061179A /* Build configuration list for PBXNativeTarget "RMCatYears" */;
			buildPhases = (
				6B8371F81D54D8B50061179A /* Sources */,
				6B8371F91D54D8B50061179A /* Frameworks */,
				6B8371FA1D54D8B50061179A /* Resources */,
			);
			buildRules = (
			);
			dependencies = (
			);
			name = RMCatYears;
			productName = RMCatYears;
			productReference = 6B8371FC1D54D8B50061179A /* RMCatYears.app */;
			productType = "com.apple.product-type.application";
		};
/* End PBXNativeTarget section */

/* Begin PBXProject section */
		6B8371F41D54D8B50061179A /* Project object */ = {
			isa = PBXProject;
			attributes = {
				LastUpgradeCheck = 0730;
				ORGANIZATIONNAME = "Rahul Mankar";
				TargetAttributes = {
					6B8371FB1D54D8B50061179A = {
						CreatedOnToolsVersion = 7.3.1;
					};
				};
			};
			buildConfigurationList = 6B8371F71D54D8B50061179A /* Build configuration list for PBXProject "RMCatYears" */;
			compatibilityVersion = "Xcode 3.2";
			developmentRegion = English;
			hasScannedForEncodings = 0;
			knownRegions = (
				en,
				Base,
			);
			mainGroup = 6B8371F31D54D8B50061179A;
			productRefGroup = 6B8371FD1D54D8B50061179A /* Products */;
			projectDirPath = "";
			projectRoot = "";
			targets = (
				6B8371FB1D54D8B50061179A /* RMCatYears */,
			);
		};
/* End PBXProject section */

/* Begin PBXResourcesBuildPhase section */
		6B8371FA1D54D8B50061179A /* Resources */ = {
			isa = PBXResourcesBuildPhase;
			buildActionMask = 2147483647;
			files = (
				6B83720F1D54D8B50061179A /* LaunchScreen.storyboard in Resources */,
				6B83720C1D54D8B50061179A /* Assets.xcassets in Resources */,
				6B83720A1D54D8B50061179A /* Main.storyboard in Resources */,
			);
			runOnlyForDeploymentPostprocessing = 0;
		};
/* End PBXResourcesBuildPhase section */

/* Begin PBXSourcesBuildPhase section */
		6B8371F81D54D8B50061179A /* Sources */ = {
			isa = PBXSourcesBuildPhase;
			buildActionMask = 2147483647;
			files = (
				6B8372071D54D8B50061179A /* ViewController.m in Sources */,
				6B8372041D54D8B50061179A /* AppDelegate.m in Sources */,
				6B8372011D54D8B50061179A /* main.m in Sources */,
			);
			runOnlyForDeploymentPostprocessing = 0;
		};
/* End PBXSourcesBuildPhase section */

/* Begin PBXVariantGroup section */
		6B8372081D54D8B50061179A /* Main.storyboard */ = {
			isa = PBXVariantGroup;
			children = (
				6B8372091D54D8B50061179A /* Base */,
			);
			name = Main.storyboard;
			sourceTree = "<group>";
		};
		6B83720D1D54D8B50061179A /* LaunchScreen.storyboard */ = {
			isa = PBXVariantGroup;
			children = (
				6B83720E1D54D8B50061179A /* Base */,
			);
			name = LaunchScreen.storyboard;
			sourceTree = "<group>";
		};
/* End PBXVariantGroup section */

/* Begin XCBuildConfiguration section */
		6B8372111D54D8B50061179A /* Debug */ = {
			isa = XCBuildConfiguration;
			buildSettings = {
				ALWAYS_SEARCH_USER_PATHS = NO;
				CLANG_ANALYZER_NONNULL = YES;
				CLANG_CXX_LANGUAGE_STANDARD = "gnu++0x";
				CLANG_CXX_LIBRARY = "libc++";
				CLANG_ENABLE_MODULES = YES;
				CLANG_ENABLE_OBJC_ARC = YES;
				CLANG_WARN_BOOL_CONVERSION = YES;
				CLANG_WARN_CONSTANT_CONVERSION = YES;
				CLANG_WARN_DIRECT_OBJC_ISA_USAGE = YES_ERROR;
				CLANG_WARN_EMPTY_BODY = YES;
				CLANG_WARN_ENUM_CONVERSION = YES;
				CLANG_WARN_INT_CONVERSION = YES;
				CLANG_WARN_OBJC_ROOT_CLASS = YES_ERROR;
				CLANG_WARN_UNREACHABLE_CODE = YES;
				CLANG_WARN__DUPLICATE_METHOD_MATCH = YES;
				"CODE_SIGN_IDENTITY[sdk=iphoneos*]" = "iPhone Developer";
				COPY_PHASE_STRIP = NO;
				DEBUG_INFORMATION_FORMAT = dwarf;
				ENABLE_STRICT_OBJC_MSGSEND = YES;
				ENABLE_TESTABILITY = YES;
				GCC_C_LANGUAGE_STANDARD = gnu99;
				GCC_DYNAMIC_NO_PIC = NO;
				GCC_NO_COMMON_BLOCKS = YES;
				GCC_OPTIMIZATION_LEVEL = 0;
				GCC_PREPROCESSOR_DEFINITIONS = (
					"DEBUG=1",
					"$(inherited)",
				);
				GCC_WARN_64_TO_32_BIT_CONVERSION = YES;
				GCC_WARN_ABOUT_RETURN_TYPE = YES_ERROR;
				GCC_WARN_UNDECLARED_SELECTOR = YES;
				GCC_WARN_UNINITIALIZED_AUTOS = YES_AGGRESSIVE;
				GCC_WARN_UNUSED_FUNCTION = YES;
				GCC_WARN_UNUSED_VARIABLE = YES;
				IPHONEOS_DEPLOYMENT_TARGET = 9.3;
				MTL_ENABLE_DEBUG_INFO = YES;
				ONLY_ACTIVE_ARCH = YES;
				SDKROOT = iphoneos;
				TARGETED_DEVICE_FAMILY = "1,2";
			};
			name = Debug;
		};
		6B8372121D54D8B50061179A /* Release */ = {
			isa = XCBuildConfiguration;
			buildSettings = {
				ALWAYS_SEARCH_USER_PATHS = NO;
				CLANG_ANALYZER_NONNULL = YES;
				CLANG_CXX_LANGUAGE_STANDARD = "gnu++0x";
				CLANG_CXX_LIBRARY = "libc++";
				CLANG_ENABLE_MODULES = YES;
				CLANG_ENABLE_OBJC_ARC = YES;
				CLANG_WARN_BOOL_CONVERSION = YES;
				CLANG_WARN_CONSTANT_CONVERSION = YES;
				CLANG_WARN_DIRECT_OBJC_ISA_USAGE = YES_ERROR;
				CLANG_WARN_EMPTY_BODY = YES;
				CLANG_WARN_ENUM_CONVERSION = YES;
				CLANG_WARN_INT_CONVERSION = YES;
				CLANG_WARN_OBJC_ROOT_CLASS = YES_ERROR;
				CLANG_WARN_UNREACHABLE_CODE = YES;
				CLANG_WARN__DUPLICATE_METHOD_MATCH = YES;
				"CODE_SIGN_IDENTITY[sdk=iphoneos*]" = "iPhone Developer";
				COPY_PHASE_STRIP = NO;
				DEBUG_INFORMATION_FORMAT = "dwarf-with-dsym";
				ENABLE_NS_ASSERTIONS = NO;
				ENABLE_STRICT_OBJC_MSGSEND = YES;
				GCC_C_LANGUAGE_STANDARD = gnu99;
				GCC_NO_COMMON_BLOCKS = YES;
				GCC_WARN_64_TO_32_BIT_CONVERSION = YES;
				GCC_WARN_ABOUT_RETURN_TYPE = YES_ERROR;
				GCC_WARN_UNDECLARED_SELECTOR = YES;
				GCC_WARN_UNINITIALIZED_AUTOS = YES_AGGRESSIVE;
				GCC_WARN_UNUSED_FUNCTION = YES;
				GCC_WARN_UNUSED_VARIABLE = YES;
				IPHONEOS_DEPLOYMENT_TARGET = 9.3;
				MTL_ENABLE_DEBUG_INFO = NO;
				SDKROOT = iphoneos;
				TARGETED_DEVICE_FAMILY = "1,2";
				VALIDATE_PRODUCT = YES;
			};
			name = Release;
		};
		6B8372141D54D8B50061179A /* Debug */ = {
			isa = XCBuildConfiguration;
			buildSettings = {
				ASSETCATALOG_COMPILER_APPICON_NAME = AppIcon;
				INFOPLIST_FILE = RMCatYears/Info.plist;
				LD_RUNPATH_SEARCH_PATHS = "$(inherited) @executable_path/Frameworks";
				PRODUCT_BUNDLE_IDENTIFIER = com.felix.RJMankar.RMCatYears;
				PRODUCT_NAME = "$(TARGET_NAME)";
			};
			name = Debug;
		};
		6B8372151D54D8B50061179A /* Release */ = {
			isa = XCBuildConfiguration;
			buildSettings = {
				ASSETCATALOG_COMPILER_APPICON_NAME = AppIcon;
				INFOPLIST_FILE = RMCatYears/Info.plist;
				LD_RUNPATH_SEARCH_PATHS = "$(inherited) @executable_path/Frameworks";
				PRODUCT_BUNDLE_IDENTIFIER = com.felix.RJMankar.RMCatYears;
				PRODUCT_NAME = "$(TARGET_NAME)";
			};
			name = Release;
		};
/* End XCBuildConfiguration section */

/* Begin XCConfigurationList section */
		6B8371F71D54D8B50061179A /* Build configuration list for PBXProject "RMCatYears" */ = {
			isa = XCConfigurationList;
			buildConfigurations = (
				6B8372111D54D8B50061179A /* Debug */,
				6B8372121D54D8B50061179A /* Release */,
			);
			defaultConfigurationIsVisible = 0;
			defaultConfigurationName = Release;
		};
		6B8372131D54D8B50061179A /* Build configuration list for PBXNativeTarget "RMCatYears" */ = {
			isa = XCConfigurationList;
			buildConfigurations = (
				6B8372141D54D8B50061179A /* Debug */,
				6B8372151D54D8B50061179A /* Release */,
			);
			defaultConfigurationIsVisible = 0;
		};
/* End XCConfigurationList section */
	};
	rootObject = 6B8371F41D54D8B50061179A /* Project object */;
}
